schema: '2.0'
stages:
  data_ingestion:
    cmd: python src/data_ingestion.py
    deps:
    - path: src/data_ingestion.py
      hash: md5
      md5: 6d074956cde61c25bd7a2f4de06d7c4f
      size: 5265
    params:
      params.yaml:
        data_ingestion.test_size: 0.3
    outs:
    - path: data/raw
      hash: md5
      md5: 693c9eaa7396ec627c271a179a459e2b.dir
      size: 479272
      nfiles: 2
  data_preprocessing:
    cmd: python src/pre_processing.py
    deps:
    - path: data/raw
      hash: md5
      md5: 693c9eaa7396ec627c271a179a459e2b.dir
      size: 479272
      nfiles: 2
    - path: src/pre_processing.py
      hash: md5
      md5: 158130fa3ada2ed96ada460b539d42e9
      size: 3864
    outs:
    - path: data/interim
      hash: md5
      md5: a5cae7c33ea29c33ae51391a5259f1f7.dir
      size: 258594
      nfiles: 2
  feature_engineering:
    cmd: python src/feature_eng.py
    deps:
    - path: data/interim
      hash: md5
      md5: a5cae7c33ea29c33ae51391a5259f1f7.dir
      size: 258594
      nfiles: 2
    - path: src/feature_eng.py
      hash: md5
      md5: 0946865d5365e85d7513934ffe148d9b
      size: 4474
    params:
      params.yaml:
        feature_engineering.max_features: 50
    outs:
    - path: data/processed
      hash: md5
      md5: 146b7781c4a41e67e85803b81748b448.dir
      size: 1187704
      nfiles: 2
  model_building:
    cmd: python src/model_training.py
    deps:
    - path: data/processed
      hash: md5
      md5: 146b7781c4a41e67e85803b81748b448.dir
      size: 1187704
      nfiles: 2
    - path: src/model_training.py
      hash: md5
      md5: e95ee10469122e4f95d3d1108548c4ea
      size: 4686
    params:
      params.yaml:
        model_building.n_estimators: 100
        model_building.random_state: 42
    outs:
    - path: models/model.pkl
      hash: md5
      md5: c605757c0b25f2b894ab74d1e73ddfdd
      size: 3786735
  model_evaluation:
    cmd: python src/model_eval.py
    deps:
    - path: data/processed
      hash: md5
      md5: 146b7781c4a41e67e85803b81748b448.dir
      size: 1187704
      nfiles: 2
    - path: models/model.pkl
      hash: md5
      md5: c605757c0b25f2b894ab74d1e73ddfdd
      size: 3786735
    - path: src/model_eval.py
      hash: md5
      md5: e0ec2d9f3263adad327c7b35dd456ae2
      size: 4716
    outs:
    - path: reports/metrics.json
      hash: md5
      md5: f0a47d8136aff2528a9230598749df97
      size: 126
